<?xml version="1.0" encoding="utf-8"?>
<Project ToolsVersion="4.0" xmlns="http://schemas.microsoft.com/developer/msbuild/2003">
  <ItemGroup>
    <ClCompile Include="CameraKJG.cpp" />
    <ClCompile Include="CameraZB.cpp" />
    <ClCompile Include="CarStatus.cpp" />
    <ClCompile Include="EchoServer.cpp" />
    <ClCompile Include="InstructLog.cpp" />
    <ClCompile Include="InstructLogDAO.cpp" />
    <ClCompile Include="OrderLog.cpp" />
    <ClCompile Include="PictureSave.cpp" />
    <ClCompile Include="SerialManager.cpp" />
    <ClCompile Include="SystemSetting.cpp" />
    <ClCompile Include="XmlParse.cpp" />
    <ClCompile Include="UnmannedVehicleStatus.cpp" />
    <ClCompile Include="CarF.cpp" />
    <ClCompile Include="main.cpp" />
  </ItemGroup>
  <ItemGroup>
    <ClInclude Include="CarStatus.h" />
    <ClInclude Include="DBHelper.h" />
    <ClInclude Include="InstructLog.h" />
    <ClInclude Include="InstructLogDAO.h" />
    <ClInclude Include="XmlParse.h" />
  </ItemGroup>
  <ItemGroup>
    <QtMoc Include="CarF.h" />
    <QtMoc Include="SystemSetting.h" />
    <QtMoc Include="OrderLog.h" />
    <QtMoc Include="PictureSave.h" />
    <QtMoc Include="CameraZB.h" />
    <QtMoc Include="CameraKJG.h" />
    <QtMoc Include="EchoServer.h" />
    <QtMoc Include="SerialManager.h" />
  </ItemGroup>
  <ItemGroup>
    <QtRcc Include="CarF.qrc" />
  </ItemGroup>
  <ItemGroup>
    <QtUic Include="CarF.ui" />
    <QtUic Include="OrderLog.ui" />
    <QtUic Include="PictureSave.ui" />
    <QtUic Include="SystemSetting.ui" />
  </ItemGroup>
</Project>